// !$*UTF8*$!
{
	archiveVersion = 1;
	classes = {
	};
	objectVersion = 56;
	objects = {

/* Begin PBXBuildFile section */
		000000001000000000000010 /* PoimiApp.swift in Sources */ = {isa = PBXBuildFile; fileRef = 000000001000000000000001 /* PoimiApp.swift */; };
		000000001000000000000012 /* Assets.xcassets in Resources */ = {isa = PBXBuildFile; fileRef = 000000001000000000000003 /* Assets.xcassets */; };
		000000001000000000000013 /* Curation in Frameworks */ = {isa = PBXBuildFile; productRef = 000000001000000000000030 /* Curation */; };
		00000000200000000000B001 /* SpikeRootView.swift in Sources */ = {isa = PBXBuildFile; fileRef = 00000000200000000000A001 /* SpikeRootView.swift */; };
		00000000200000000000B002 /* SpikeModel.swift in Sources */ = {isa = PBXBuildFile; fileRef = 00000000200000000000A002 /* SpikeModel.swift */; };
		00000000200000000000B003 /* SpikeLibrary.swift in Sources */ = {isa = PBXBuildFile; fileRef = 00000000200000000000A003 /* SpikeLibrary.swift */; };
		00000000200000000000B004 /* ThumbnailImageManager.swift in Sources */ = {isa = PBXBuildFile; fileRef = 00000000200000000000A004 /* ThumbnailImageManager.swift */; };
		00000000200000000000B005 /* FullImageLoader.swift in Sources */ = {isa = PBXBuildFile; fileRef = 00000000200000000000A005 /* FullImageLoader.swift */; };
		00000000200000000000B006 /* ThumbnailCell.swift in Sources */ = {isa = PBXBuildFile; fileRef = 00000000200000000000A006 /* ThumbnailCell.swift */; };
		00000000200000000000B007 /* AssetGridView.swift in Sources */ = {isa = PBXBuildFile; fileRef = 00000000200000000000A007 /* AssetGridView.swift */; };
		00000000200000000000B008 /* AssetPagerView.swift in Sources */ = {isa = PBXBuildFile; fileRef = 00000000200000000000A008 /* AssetPagerView.swift */; };
/* End PBXBuildFile section */

/* Begin PBXFileReference section */
		000000001000000000000001 /* PoimiApp.swift */ = {isa = PBXFileReference; lastKnownFileType = sourcecode.swift; path = PoimiApp.swift; sourceTree = "<group>"; };
		000000001000000000000003 /* Assets.xcassets */ = {isa = PBXFileReference; lastKnownFileType = folder.assetcatalog; path = Assets.xcassets; sourceTree = "<group>"; };
		000000001000000000000004 /* PoimiApp.app */ = {isa = PBXFileReference; explicitFileType = wrapper.application; includeInIndex = 0; path = PoimiApp.app; sourceTree = BUILT_PRODUCTS_DIR; };
		00000000200000000000A001 /* SpikeRootView.swift */ = {isa = PBXFileReference; lastKnownFileType = sourcecode.swift; path = SpikeRootView.swift; sourceTree = "<group>"; };
		00000000200000000000A002 /* SpikeModel.swift */ = {isa = PBXFileReference; lastKnownFileType = sourcecode.swift; path = SpikeModel.swift; sourceTree = "<group>"; };
		00000000200000000000A003 /* SpikeLibrary.swift */ = {isa = PBXFileReference; lastKnownFileType = sourcecode.swift; path = SpikeLibrary.swift; sourceTree = "<group>"; };
		00000000200000000000A004 /* ThumbnailImageManager.swift */ = {isa = PBXFileReference; lastKnownFileType = sourcecode.swift; path = ThumbnailImageManager.swift; sourceTree = "<group>"; };
		00000000200000000000A005 /* FullImageLoader.swift */ = {isa = PBXFileReference; lastKnownFileType = sourcecode.swift; path = FullImageLoader.swift; sourceTree = "<group>"; };
		00000000200000000000A006 /* ThumbnailCell.swift */ = {isa = PBXFileReference; lastKnownFileType = sourcecode.swift; path = ThumbnailCell.swift; sourceTree = "<group>"; };
		00000000200000000000A007 /* AssetGridView.swift */ = {isa = PBXFileReference; lastKnownFileType = sourcecode.swift; path = AssetGridView.swift; sourceTree = "<group>"; };
		00000000200000000000A008 /* AssetPagerView.swift */ = {isa = PBXFileReference; lastKnownFileType = sourcecode.swift; path = AssetPagerView.swift; sourceTree = "<group>"; };
/* End PBXFileReference section */

/* Begin PBXFrameworksBuildPhase section */
		000000001000000000000020 /* Frameworks */ = {
			isa = PBXFrameworksBuildPhase;
			buildActionMask = 2147483647;
			files = (
				000000001000000000000013 /* Curation in Frameworks */,
			);
			runOnlyForDeploymentPostprocessing = 0;
		};
/* End PBXFrameworksBuildPhase section */

/* Begin PBXGroup section */
		000000001000000000000005 = {
			isa = PBXGroup;
			children = (
				000000001000000000000006 /* PoimiApp */,
				000000001000000000000007 /* Products */,
			);
			sourceTree = "<group>";
		};
		000000001000000000000006 /* PoimiApp */ = {
			isa = PBXGroup;
			children = (
				000000001000000000000008 /* Sources */,
				00000000200000000000C001 /* Spike */,
				000000001000000000000009 /* Resources */,
			);
			path = PoimiApp;
			sourceTree = "<group>";
		};
		00000000200000000000C001 /* Spike */ = {
			isa = PBXGroup;
			children = (
				00000000200000000000A001 /* SpikeRootView.swift */,
				00000000200000000000A002 /* SpikeModel.swift */,
				00000000200000000000A003 /* SpikeLibrary.swift */,
				00000000200000000000C002 /* Render */,
			);
			path = Spike;
			sourceTree = "<group>";
		};
		00000000200000000000C002 /* Render */ = {
			isa = PBXGroup;
			children = (
				00000000200000000000A004 /* ThumbnailImageManager.swift */,
				00000000200000000000A005 /* FullImageLoader.swift */,
				00000000200000000000A006 /* ThumbnailCell.swift */,
				00000000200000000000A007 /* AssetGridView.swift */,
				00000000200000000000A008 /* AssetPagerView.swift */,
			);
			path = Render;
			sourceTree = "<group>";
		};
		000000001000000000000007 /* Products */ = {
			isa = PBXGroup;
			children = (
				000000001000000000000004 /* PoimiApp.app */,
			);
			name = Products;
			sourceTree = "<group>";
		};
		000000001000000000000008 /* Sources */ = {
			isa = PBXGroup;
			children = (
				000000001000000000000001 /* PoimiApp.swift */,
			);
			path = Sources;
			sourceTree = "<group>";
		};
		000000001000000000000009 /* Resources */ = {
			isa = PBXGroup;
			children = (
				000000001000000000000003 /* Assets.xcassets */,
			);
			path = Resources;
			sourceTree = "<group>";
		};
/* End PBXGroup section */

/* Begin PBXNativeTarget section */
		000000001000000000000021 /* PoimiApp */ = {
			isa = PBXNativeTarget;
			buildConfigurationList = 000000001000000000000026 /* Build configuration list for PBXNativeTarget "PoimiApp" */;
			buildPhases = (
				000000001000000000000022 /* Sources */,
				000000001000000000000020 /* Frameworks */,
				000000001000000000000023 /* Resources */,
			);
			buildRules = (
			);
			dependencies = (
			);
			name = PoimiApp;
			packageProductDependencies = (
				000000001000000000000030 /* Curation */,
			);
			productName = PoimiApp;
			productReference = 000000001000000000000004 /* PoimiApp.app */;
			productType = "com.apple.product-type.application";
		};
/* End PBXNativeTarget section */

/* Begin PBXProject section */
		000000001000000000000024 /* Project object */ = {
			isa = PBXProject;
			attributes = {
				BuildIndependentTargetsInParallel = 1;
				LastSwiftUpdateCheck = 2630;
				LastUpgradeCheck = 2630;
				TargetAttributes = {
					000000001000000000000021 = {
						CreatedOnToolsVersion = 26.3;
					};
				};
			};
			buildConfigurationList = 000000001000000000000025 /* Build configuration list for PBXProject "PoimiApp" */;
			compatibilityVersion = "Xcode 14.0";
			developmentRegion = en;
			hasScannedForEncodings = 0;
			knownRegions = (
				en,
				Base,
			);
			mainGroup = 000000001000000000000005;
			packageReferences = (
				000000001000000000000031 /* XCLocalSwiftPackageReference "../Curation" */,
			);
			productRefGroup = 000000001000000000000007 /* Products */;
			projectDirPath = "";
			projectRoot = "";
			targets = (
				000000001000000000000021 /* PoimiApp */,
			);
		};
/* End PBXProject section */

/* Begin PBXResourcesBuildPhase section */
		000000001000000000000023 /* Resources */ = {
			isa = PBXResourcesBuildPhase;
			buildActionMask = 2147483647;
			files = (
				000000001000000000000012 /* Assets.xcassets in Resources */,
			);
			runOnlyForDeploymentPostprocessing = 0;
		};
/* End PBXResourcesBuildPhase section */

/* Begin PBXSourcesBuildPhase section */
		000000001000000000000022 /* Sources */ = {
			isa = PBXSourcesBuildPhase;
			buildActionMask = 2147483647;
			files = (
				000000001000000000000010 /* PoimiApp.swift in Sources */,
				00000000200000000000B001 /* SpikeRootView.swift in Sources */,
				00000000200000000000B002 /* SpikeModel.swift in Sources */,
				00000000200000000000B003 /* SpikeLibrary.swift in Sources */,
				00000000200000000000B004 /* ThumbnailImageManager.swift in Sources */,
				00000000200000000000B005 /* FullImageLoader.swift in Sources */,
				00000000200000000000B006 /* ThumbnailCell.swift in Sources */,
				00000000200000000000B007 /* AssetGridView.swift in Sources */,
				00000000200000000000B008 /* AssetPagerView.swift in Sources */,
			);
			runOnlyForDeploymentPostprocessing = 0;
		};
/* End PBXSourcesBuildPhase section */

/* Begin XCBuildConfiguration section */
		000000001000000000000027 /* Debug */ = {
			isa = XCBuildConfiguration;
			buildSettings = {
				ALWAYS_SEARCH_USER_PATHS = NO;
				ASSETCATALOG_COMPILER_GENERATE_SWIFT_ASSET_SYMBOL_EXTENSIONS = YES;
				CLANG_ANALYZER_NONNULL = YES;
				CLANG_ANALYZER_NUMBER_OBJECT_CONVERSION = YES_AGGRESSIVE;
				CLANG_ENABLE_MODULES = YES;
				CLANG_ENABLE_OBJC_ARC = YES;
				CLANG_ENABLE_OBJC_WEAK = YES;
				CLANG_WARN_BOOL_CONVERSION = YES;
				CLANG_WARN_COMMA = YES;
				CLANG_WARN_CONSTANT_CONVERSION = YES;
				CLANG_WARN_DEPRECATED_OBJC_IMPLEMENTATIONS = YES;
				CLANG_WARN_DIRECT_OBJC_ISA_USAGE = YES_ERROR;
				CLANG_WARN_DOCUMENTATION_COMMENTS = YES;
				CLANG_WARN_EMPTY_BODY = YES;
				CLANG_WARN_ENUM_CONVERSION = YES;
				CLANG_WARN_INFINITE_RECURSION = YES;
				CLANG_WARN_INT_CONVERSION = YES;
				CLANG_WARN_NON_LITERAL_NULL_CONVERSION = YES;
				CLANG_WARN_OBJC_IMPLICIT_RETAIN_SELF = YES;
				CLANG_WARN_OBJC_LITERAL_CONVERSION = YES;
				CLANG_WARN_OBJC_ROOT_CLASS = YES_ERROR;
				CLANG_WARN_QUOTED_INCLUDE_IN_FRAMEWORK_HEADER = YES;
				CLANG_WARN_RANGE_LOOP_ANALYSIS = YES;
				CLANG_WARN_STRICT_PROTOTYPES = YES;
				CLANG_WARN_SUSPICIOUS_MOVE = YES;
				CLANG_WARN_UNGUARDED_AVAILABILITY = YES_AGGRESSIVE;
				CLANG_WARN_UNREACHABLE_CODE = YES;
				CLANG_WARN__DUPLICATE_METHOD_MATCH = YES;
				COPY_PHASE_STRIP = NO;
				DEBUG_INFORMATION_FORMAT = dwarf;
				ENABLE_STRICT_OBJC_MSGSEND = YES;
				ENABLE_TESTABILITY = YES;
				ENABLE_USER_SCRIPT_SANDBOXING = YES;
				GCC_C_LANGUAGE_STANDARD = gnu17;
				GCC_DYNAMIC_NO_PIC = NO;
				GCC_NO_COMMON_BLOCKS = YES;
				GCC_OPTIMIZATION_LEVEL = 0;
				GCC_PREPROCESSOR_DEFINITIONS = (
					"DEBUG=1",
					"$(inherited)",
				);
				GCC_WARN_64_TO_32_BIT_CONVERSION = YES;
				GCC_WARN_ABOUT_RETURN_TYPE = YES_ERROR;
				GCC_WARN_UNDECLARED_SELECTOR = YES;
				GCC_WARN_UNINITIALIZED_AUTOS = YES_AGGRESSIVE;
				GCC_WARN_UNUSED_FUNCTION = YES;
				GCC_WARN_UNUSED_VARIABLE = YES;
				IPHONEOS_DEPLOYMENT_TARGET = 26.0;
				MTL_ENABLE_DEBUG_INFO = INCLUDE_SOURCE;
				MTL_FAST_MATH = YES;
				ONLY_ACTIVE_ARCH = YES;
				SDKROOT = iphoneos;
				SWIFT_ACTIVE_COMPILATION_CONDITIONS = "DEBUG $(inherited)";
				SWIFT_OPTIMIZATION_LEVEL = "-Onone";
				SWIFT_STRICT_CONCURRENCY = complete;
				SWIFT_VERSION = 6.0;
			};
			name = Debug;
		};
		000000001000000000000028 /* Release */ = {
			isa = XCBuildConfiguration;
			buildSettings = {
				ALWAYS_SEARCH_USER_PATHS = NO;
				ASSETCATALOG_COMPILER_GENERATE_SWIFT_ASSET_SYMBOL_EXTENSIONS = YES;
				CLANG_ANALYZER_NONNULL = YES;
				CLANG_ANALYZER_NUMBER_OBJECT_CONVERSION = YES_AGGRESSIVE;
				CLANG_ENABLE_MODULES = YES;
				CLANG_ENABLE_OBJC_ARC = YES;
				CLANG_ENABLE_OBJC_WEAK = YES;
				CLANG_WARN_BOOL_CONVERSION = YES;
				CLANG_WARN_COMMA = YES;
				CLANG_WARN_CONSTANT_CONVERSION = YES;
				CLANG_WARN_DEPRECATED_OBJC_IMPLEMENTATIONS = YES;
				CLANG_WARN_DIRECT_OBJC_ISA_USAGE = YES_ERROR;
				CLANG_WARN_DOCUMENTATION_COMMENTS = YES;
				CLANG_WARN_EMPTY_BODY = YES;
				CLANG_WARN_ENUM_CONVERSION = YES;
				CLANG_WARN_INFINITE_RECURSION = YES;
				CLANG_WARN_INT_CONVERSION = YES;
				CLANG_WARN_NON_LITERAL_NULL_CONVERSION = YES;
				CLANG_WARN_OBJC_IMPLICIT_RETAIN_SELF = YES;
				CLANG_WARN_OBJC_LITERAL_CONVERSION = YES;
				CLANG_WARN_OBJC_ROOT_CLASS = YES_ERROR;
				CLANG_WARN_QUOTED_INCLUDE_IN_FRAMEWORK_HEADER = YES;
				CLANG_WARN_RANGE_LOOP_ANALYSIS = YES;
				CLANG_WARN_STRICT_PROTOTYPES = YES;
				CLANG_WARN_SUSPICIOUS_MOVE = YES;
				CLANG_WARN_UNGUARDED_AVAILABILITY = YES_AGGRESSIVE;
				CLANG_WARN_UNREACHABLE_CODE = YES;
				CLANG_WARN__DUPLICATE_METHOD_MATCH = YES;
				COPY_PHASE_STRIP = NO;
				DEBUG_INFORMATION_FORMAT = "dwarf-with-dsym";
				ENABLE_NS_ASSERTIONS = NO;
				ENABLE_STRICT_OBJC_MSGSEND = YES;
				ENABLE_USER_SCRIPT_SANDBOXING = YES;
				GCC_C_LANGUAGE_STANDARD = gnu17;
				GCC_NO_COMMON_BLOCKS = YES;
				GCC_WARN_64_TO_32_BIT_CONVERSION = YES;
				GCC_WARN_ABOUT_RETURN_TYPE = YES_ERROR;
				GCC_WARN_UNDECLARED_SELECTOR = YES;
				GCC_WARN_UNINITIALIZED_AUTOS = YES_AGGRESSIVE;
				GCC_WARN_UNUSED_FUNCTION = YES;
				GCC_WARN_UNUSED_VARIABLE = YES;
				IPHONEOS_DEPLOYMENT_TARGET = 26.0;
				MTL_ENABLE_DEBUG_INFO = NO;
				MTL_FAST_MATH = YES;
				SDKROOT = iphoneos;
				SWIFT_COMPILATION_MODE = wholemodule;
				SWIFT_STRICT_CONCURRENCY = complete;
				SWIFT_VERSION = 6.0;
				VALIDATE_PRODUCT = YES;
			};
			name = Release;
		};
		000000001000000000000029 /* Debug */ = {
			isa = XCBuildConfiguration;
			buildSettings = {
				ASSETCATALOG_COMPILER_APPICON_NAME = AppIcon;
				ASSETCATALOG_COMPILER_GLOBAL_ACCENT_COLOR_NAME = AccentColor;
				CODE_SIGN_STYLE = Automatic;
				CURRENT_PROJECT_VERSION = 1;
				DEVELOPMENT_ASSET_PATHS = "";
				DEVELOPMENT_TEAM = N4FKQHR5AC;
				ENABLE_PREVIEWS = YES;
				GENERATE_INFOPLIST_FILE = YES;
				INFOPLIST_KEY_NSPhotoLibraryAddUsageDescription = "Poimi (spike) adds your selected photos to an album in your library.";
				INFOPLIST_KEY_NSPhotoLibraryUsageDescription = "Poimi (spike) needs full access to your photo library to fetch a date range, show thumbnails, and add a selection to an album.";
				INFOPLIST_KEY_UIApplicationSceneManifest_Generation = YES;
				INFOPLIST_KEY_UIApplicationSupportsIndirectInputEvents = YES;
				INFOPLIST_KEY_UILaunchScreen_Generation = YES;
				INFOPLIST_KEY_UISupportedInterfaceOrientations_iPad = "UIInterfaceOrientationPortrait UIInterfaceOrientationPortraitUpsideDown UIInterfaceOrientationLandscapeLeft UIInterfaceOrientationLandscapeRight";
				INFOPLIST_KEY_UISupportedInterfaceOrientations_iPhone = "UIInterfaceOrientationPortrait UIInterfaceOrientationLandscapeLeft UIInterfaceOrientationLandscapeRight";
				LD_RUNPATH_SEARCH_PATHS = (
					"$(inherited)",
					"@executable_path/Frameworks",
				);
				MARKETING_VERSION = 0.1.0;
				PRODUCT_BUNDLE_IDENTIFIER = "fi.paretosoftware.poimi";
				PRODUCT_NAME = "$(TARGET_NAME)";
				SWIFT_EMIT_LOC_STRINGS = YES;
				TARGETED_DEVICE_FAMILY = "1,2";
			};
			name = Debug;
		};
		00000000100000000000002A /* Release */ = {
			isa = XCBuildConfiguration;
			buildSettings = {
				ASSETCATALOG_COMPILER_APPICON_NAME = AppIcon;
				ASSETCATALOG_COMPILER_GLOBAL_ACCENT_COLOR_NAME = AccentColor;
				CODE_SIGN_STYLE = Automatic;
				CURRENT_PROJECT_VERSION = 1;
				DEVELOPMENT_ASSET_PATHS = "";
				DEVELOPMENT_TEAM = N4FKQHR5AC;
				ENABLE_PREVIEWS = YES;
				GENERATE_INFOPLIST_FILE = YES;
				INFOPLIST_KEY_NSPhotoLibraryAddUsageDescription = "Poimi (spike) adds your selected photos to an album in your library.";
				INFOPLIST_KEY_NSPhotoLibraryUsageDescription = "Poimi (spike) needs full access to your photo library to fetch a date range, show thumbnails, and add a selection to an album.";
				INFOPLIST_KEY_UIApplicationSceneManifest_Generation = YES;
				INFOPLIST_KEY_UIApplicationSupportsIndirectInputEvents = YES;
				INFOPLIST_KEY_UILaunchScreen_Generation = YES;
				INFOPLIST_KEY_UISupportedInterfaceOrientations_iPad = "UIInterfaceOrientationPortrait UIInterfaceOrientationPortraitUpsideDown UIInterfaceOrientationLandscapeLeft UIInterfaceOrientationLandscapeRight";
				INFOPLIST_KEY_UISupportedInterfaceOrientations_iPhone = "UIInterfaceOrientationPortrait UIInterfaceOrientationLandscapeLeft UIInterfaceOrientationLandscapeRight";
				LD_RUNPATH_SEARCH_PATHS = (
					"$(inherited)",
					"@executable_path/Frameworks",
				);
				MARKETING_VERSION = 0.1.0;
				PRODUCT_BUNDLE_IDENTIFIER = "fi.paretosoftware.poimi";
				PRODUCT_NAME = "$(TARGET_NAME)";
				SWIFT_EMIT_LOC_STRINGS = YES;
				TARGETED_DEVICE_FAMILY = "1,2";
			};
			name = Release;
		};
/* End XCBuildConfiguration section */

/* Begin XCConfigurationList section */
		000000001000000000000025 /* Build configuration list for PBXProject "PoimiApp" */ = {
			isa = XCConfigurationList;
			buildConfigurations = (
				000000001000000000000027 /* Debug */,
				000000001000000000000028 /* Release */,
			);
			defaultConfigurationIsVisible = 0;
			defaultConfigurationName = Release;
		};
		000000001000000000000026 /* Build configuration list for PBXNativeTarget "PoimiApp" */ = {
			isa = XCConfigurationList;
			buildConfigurations = (
				000000001000000000000029 /* Debug */,
				00000000100000000000002A /* Release */,
			);
			defaultConfigurationIsVisible = 0;
			defaultConfigurationName = Release;
		};
/* End XCConfigurationList section */

/* Begin XCLocalSwiftPackageReference section */
		000000001000000000000031 /* XCLocalSwiftPackageReference "../Curation" */ = {
			isa = XCLocalSwiftPackageReference;
			relativePath = ../Curation;
		};
/* End XCLocalSwiftPackageReference section */

/* Begin XCSwiftPackageProductDependency section */
		000000001000000000000030 /* Curation */ = {
			isa = XCSwiftPackageProductDependency;
			productName = Curation;
		};
/* End XCSwiftPackageProductDependency section */
	};
	rootObject = 000000001000000000000024 /* Project object */;
}
