// !$*UTF8*$!
{
	archiveVersion = 1;
	classes = {
	};
	objectVersion = 56;
	objects = {

/* Begin PBXBuildFile section */
		000000001000000000000010 /* PoimiApp.swift in Sources */ = {isa = PBXBuildFile; fileRef = 000000001000000000000001 /* PoimiApp.swift */; };
		000000001000000000000012 /* Assets.xcassets in Resources */ = {isa = PBXBuildFile; fileRef = 000000001000000000000003 /* Assets.xcassets */; };
		000000001000000000000013 /* Curation in Frameworks */ = {isa = PBXBuildFile; productRef = 000000001000000000000030 /* Curation */; };
		00000000300000000000B301 /* FakePhotoLibrary.swift in Sources */ = {isa = PBXBuildFile; fileRef = 00000000300000000000A301 /* FakePhotoLibrary.swift */; };
		00000000300000000000B302 /* SystemPhotoLibrary.swift in Sources */ = {isa = PBXBuildFile; fileRef = 00000000300000000000A302 /* SystemPhotoLibrary.swift */; };
		00000000300000000000B303 /* PhotoLibraryChangeObserver.swift in Sources */ = {isa = PBXBuildFile; fileRef = 00000000300000000000A303 /* PhotoLibraryChangeObserver.swift */; };
		00000000300000000000B304 /* PhotoLibraryProvider.swift in Sources */ = {isa = PBXBuildFile; fileRef = 00000000300000000000A304 /* PhotoLibraryProvider.swift */; };
		00000000300000000000B305 /* ThumbnailProviding.swift in Sources */ = {isa = PBXBuildFile; fileRef = 00000000300000000000A305 /* ThumbnailProviding.swift */; };
		00000000300000000000B306 /* SystemThumbnailProvider.swift in Sources */ = {isa = PBXBuildFile; fileRef = 00000000300000000000A306 /* SystemThumbnailProvider.swift */; };
		00000000300000000000B307 /* FakeThumbnailProvider.swift in Sources */ = {isa = PBXBuildFile; fileRef = 00000000300000000000A307 /* FakeThumbnailProvider.swift */; };
		00000000300000000000B308 /* ThumbnailMemoryCache.swift in Sources */ = {isa = PBXBuildFile; fileRef = 00000000300000000000A308 /* ThumbnailMemoryCache.swift */; };
		00000000500000000000B501 /* Log.swift in Sources */ = {isa = PBXBuildFile; fileRef = 00000000500000000000A501 /* Log.swift */; };
		00000000500000000000B502 /* DebugScreen.swift in Sources */ = {isa = PBXBuildFile; fileRef = 00000000500000000000A502 /* DebugScreen.swift */; };
		00000000600000000000B601 /* CurationProject.swift in Sources */ = {isa = PBXBuildFile; fileRef = 00000000600000000000A601 /* CurationProject.swift */; };
		00000000600000000000B602 /* AppSchema.swift in Sources */ = {isa = PBXBuildFile; fileRef = 00000000600000000000A602 /* AppSchema.swift */; };
		00000000700000000000B701 /* ProjectStore.swift in Sources */ = {isa = PBXBuildFile; fileRef = 00000000700000000000A701 /* ProjectStore.swift */; };
		00000000700000000000B702 /* SelectionStore.swift in Sources */ = {isa = PBXBuildFile; fileRef = 00000000700000000000A702 /* SelectionStore.swift */; };
		00000000800000000000B801 /* Route.swift in Sources */ = {isa = PBXBuildFile; fileRef = 00000000800000000000A801 /* Route.swift */; };
		00000000800000000000B802 /* AppCoordinator.swift in Sources */ = {isa = PBXBuildFile; fileRef = 00000000800000000000A802 /* AppCoordinator.swift */; };
		00000000800000000000B803 /* AppRootView.swift in Sources */ = {isa = PBXBuildFile; fileRef = 00000000800000000000A803 /* AppRootView.swift */; };
		00000000900000000000B901 /* OnboardingView.swift in Sources */ = {isa = PBXBuildFile; fileRef = 00000000900000000000A901 /* OnboardingView.swift */; };
		00000000900000000000B902 /* AccessRecoveryView.swift in Sources */ = {isa = PBXBuildFile; fileRef = 00000000900000000000A902 /* AccessRecoveryView.swift */; };
		00000000A00000000000B0A1 /* AlbumsView.swift in Sources */ = {isa = PBXBuildFile; fileRef = 00000000A00000000000A0A1 /* AlbumsView.swift */; };
		00000000B00000000000B0B1 /* NewAlbumDraft.swift in Sources */ = {isa = PBXBuildFile; fileRef = 00000000B00000000000A0B1 /* NewAlbumDraft.swift */; };
		00000000B00000000000B0B2 /* NewAlbumSetupView.swift in Sources */ = {isa = PBXBuildFile; fileRef = 00000000B00000000000A0B2 /* NewAlbumSetupView.swift */; };
		00000000B00000000000B0B3 /* AlbumPickerView.swift in Sources */ = {isa = PBXBuildFile; fileRef = 00000000B00000000000A0B3 /* AlbumPickerView.swift */; };
		00000000C00000000000B0C1 /* CandidateStore.swift in Sources */ = {isa = PBXBuildFile; fileRef = 00000000C00000000000A0C1 /* CandidateStore.swift */; };
		00000000C00000000000B0C2 /* ScanningView.swift in Sources */ = {isa = PBXBuildFile; fileRef = 00000000C00000000000A0C2 /* ScanningView.swift */; };
		00000000C00000000000B0C3 /* AlbumOverviewView.swift in Sources */ = {isa = PBXBuildFile; fileRef = 00000000C00000000000A0C3 /* AlbumOverviewView.swift */; };
		00000000C00000000000B0C4 /* PrefetchWindow.swift in Sources */ = {isa = PBXBuildFile; fileRef = 00000000C00000000000A0C4 /* PrefetchWindow.swift */; };
		00000000C00000000000B0C5 /* ReviewGridCell.swift in Sources */ = {isa = PBXBuildFile; fileRef = 00000000C00000000000A0C5 /* ReviewGridCell.swift */; };
		00000000C00000000000B0C6 /* ReviewGridView.swift in Sources */ = {isa = PBXBuildFile; fileRef = 00000000C00000000000A0C6 /* ReviewGridView.swift */; };
		00000000C00000000000B0C7 /* DayGroupHeader.swift in Sources */ = {isa = PBXBuildFile; fileRef = 00000000C00000000000A0C7 /* DayGroupHeader.swift */; };
		000000004000000000000044 /* PhotoLibraryConformanceTests.swift in Sources */ = {isa = PBXBuildFile; fileRef = 000000004000000000000043 /* PhotoLibraryConformanceTests.swift */; };
		000000004000000000000046 /* FakePhotoLibrarySeedTests.swift in Sources */ = {isa = PBXBuildFile; fileRef = 000000004000000000000045 /* FakePhotoLibrarySeedTests.swift */; };
		00000000400000000000004E /* ProjectStoreTests.swift in Sources */ = {isa = PBXBuildFile; fileRef = 00000000400000000000004D /* ProjectStoreTests.swift */; };
		000000004000000000000050 /* SelectionStoreTests.swift in Sources */ = {isa = PBXBuildFile; fileRef = 00000000400000000000004F /* SelectionStoreTests.swift */; };
		000000004000000000000054 /* AppCoordinatorTests.swift in Sources */ = {isa = PBXBuildFile; fileRef = 000000004000000000000053 /* AppCoordinatorTests.swift */; };
		000000004000000000000056 /* RecoveryGuidanceTests.swift in Sources */ = {isa = PBXBuildFile; fileRef = 000000004000000000000055 /* RecoveryGuidanceTests.swift */; };
		000000004000000000000058 /* AlbumSummaryTests.swift in Sources */ = {isa = PBXBuildFile; fileRef = 000000004000000000000057 /* AlbumSummaryTests.swift */; };
		00000000400000000000005A /* NewAlbumDraftTests.swift in Sources */ = {isa = PBXBuildFile; fileRef = 000000004000000000000059 /* NewAlbumDraftTests.swift */; };
		00000000400000000000005C /* CandidateStoreTests.swift in Sources */ = {isa = PBXBuildFile; fileRef = 00000000400000000000005B /* CandidateStoreTests.swift */; };
		00000000400000000000005E /* ThumbnailProviderTests.swift in Sources */ = {isa = PBXBuildFile; fileRef = 00000000400000000000005D /* ThumbnailProviderTests.swift */; };
		000000004000000000000060 /* PrefetchWindowTests.swift in Sources */ = {isa = PBXBuildFile; fileRef = 00000000400000000000005F /* PrefetchWindowTests.swift */; };
		000000004000000000000062 /* DayGroupHeaderTests.swift in Sources */ = {isa = PBXBuildFile; fileRef = 000000004000000000000061 /* DayGroupHeaderTests.swift */; };
		000000004000000000000064 /* ThumbnailMemoryCacheTests.swift in Sources */ = {isa = PBXBuildFile; fileRef = 000000004000000000000063 /* ThumbnailMemoryCacheTests.swift */; };
		000000004000000000000066 /* TestSupport.swift in Sources */ = {isa = PBXBuildFile; fileRef = 000000004000000000000065 /* TestSupport.swift */; };
/* End PBXBuildFile section */

/* Begin PBXContainerItemProxy section */
		00000000400000000000004C /* PBXContainerItemProxy */ = {
			isa = PBXContainerItemProxy;
			containerPortal = 000000001000000000000024 /* Project object */;
			proxyType = 1;
			remoteGlobalIDString = 000000001000000000000021;
			remoteInfo = PoimiApp;
		};
/* End PBXContainerItemProxy section */

/* Begin PBXTargetDependency section */
		00000000400000000000004B /* PBXTargetDependency */ = {
			isa = PBXTargetDependency;
			target = 000000001000000000000021 /* PoimiApp */;
			targetProxy = 00000000400000000000004C /* PBXContainerItemProxy */;
		};
/* End PBXTargetDependency section */

/* Begin PBXFileReference section */
		000000001000000000000001 /* PoimiApp.swift */ = {isa = PBXFileReference; lastKnownFileType = sourcecode.swift; path = PoimiApp.swift; sourceTree = "<group>"; };
		000000001000000000000003 /* Assets.xcassets */ = {isa = PBXFileReference; lastKnownFileType = folder.assetcatalog; path = Assets.xcassets; sourceTree = "<group>"; };
		000000001000000000000004 /* PoimiApp.app */ = {isa = PBXFileReference; explicitFileType = wrapper.application; includeInIndex = 0; path = PoimiApp.app; sourceTree = BUILT_PRODUCTS_DIR; };
		00000000300000000000A301 /* FakePhotoLibrary.swift */ = {isa = PBXFileReference; lastKnownFileType = sourcecode.swift; path = FakePhotoLibrary.swift; sourceTree = "<group>"; };
		00000000300000000000A302 /* SystemPhotoLibrary.swift */ = {isa = PBXFileReference; lastKnownFileType = sourcecode.swift; path = SystemPhotoLibrary.swift; sourceTree = "<group>"; };
		00000000300000000000A303 /* PhotoLibraryChangeObserver.swift */ = {isa = PBXFileReference; lastKnownFileType = sourcecode.swift; path = PhotoLibraryChangeObserver.swift; sourceTree = "<group>"; };
		00000000300000000000A304 /* PhotoLibraryProvider.swift */ = {isa = PBXFileReference; lastKnownFileType = sourcecode.swift; path = PhotoLibraryProvider.swift; sourceTree = "<group>"; };
		00000000300000000000A305 /* ThumbnailProviding.swift */ = {isa = PBXFileReference; lastKnownFileType = sourcecode.swift; path = ThumbnailProviding.swift; sourceTree = "<group>"; };
		00000000300000000000A306 /* SystemThumbnailProvider.swift */ = {isa = PBXFileReference; lastKnownFileType = sourcecode.swift; path = SystemThumbnailProvider.swift; sourceTree = "<group>"; };
		00000000300000000000A307 /* FakeThumbnailProvider.swift */ = {isa = PBXFileReference; lastKnownFileType = sourcecode.swift; path = FakeThumbnailProvider.swift; sourceTree = "<group>"; };
		00000000300000000000A308 /* ThumbnailMemoryCache.swift */ = {isa = PBXFileReference; lastKnownFileType = sourcecode.swift; path = ThumbnailMemoryCache.swift; sourceTree = "<group>"; };
		00000000500000000000A501 /* Log.swift */ = {isa = PBXFileReference; lastKnownFileType = sourcecode.swift; path = Log.swift; sourceTree = "<group>"; };
		00000000500000000000A502 /* DebugScreen.swift */ = {isa = PBXFileReference; lastKnownFileType = sourcecode.swift; path = DebugScreen.swift; sourceTree = "<group>"; };
		00000000600000000000A601 /* CurationProject.swift */ = {isa = PBXFileReference; lastKnownFileType = sourcecode.swift; path = CurationProject.swift; sourceTree = "<group>"; };
		00000000600000000000A602 /* AppSchema.swift */ = {isa = PBXFileReference; lastKnownFileType = sourcecode.swift; path = AppSchema.swift; sourceTree = "<group>"; };
		00000000700000000000A701 /* ProjectStore.swift */ = {isa = PBXFileReference; lastKnownFileType = sourcecode.swift; path = ProjectStore.swift; sourceTree = "<group>"; };
		00000000700000000000A702 /* SelectionStore.swift */ = {isa = PBXFileReference; lastKnownFileType = sourcecode.swift; path = SelectionStore.swift; sourceTree = "<group>"; };
		00000000800000000000A801 /* Route.swift */ = {isa = PBXFileReference; lastKnownFileType = sourcecode.swift; path = Route.swift; sourceTree = "<group>"; };
		00000000800000000000A802 /* AppCoordinator.swift */ = {isa = PBXFileReference; lastKnownFileType = sourcecode.swift; path = AppCoordinator.swift; sourceTree = "<group>"; };
		00000000800000000000A803 /* AppRootView.swift */ = {isa = PBXFileReference; lastKnownFileType = sourcecode.swift; path = AppRootView.swift; sourceTree = "<group>"; };
		00000000900000000000A901 /* OnboardingView.swift */ = {isa = PBXFileReference; lastKnownFileType = sourcecode.swift; path = OnboardingView.swift; sourceTree = "<group>"; };
		00000000900000000000A902 /* AccessRecoveryView.swift */ = {isa = PBXFileReference; lastKnownFileType = sourcecode.swift; path = AccessRecoveryView.swift; sourceTree = "<group>"; };
		00000000A00000000000A0A1 /* AlbumsView.swift */ = {isa = PBXFileReference; lastKnownFileType = sourcecode.swift; path = AlbumsView.swift; sourceTree = "<group>"; };
		00000000B00000000000A0B1 /* NewAlbumDraft.swift */ = {isa = PBXFileReference; lastKnownFileType = sourcecode.swift; path = NewAlbumDraft.swift; sourceTree = "<group>"; };
		00000000B00000000000A0B2 /* NewAlbumSetupView.swift */ = {isa = PBXFileReference; lastKnownFileType = sourcecode.swift; path = NewAlbumSetupView.swift; sourceTree = "<group>"; };
		00000000B00000000000A0B3 /* AlbumPickerView.swift */ = {isa = PBXFileReference; lastKnownFileType = sourcecode.swift; path = AlbumPickerView.swift; sourceTree = "<group>"; };
		00000000C00000000000A0C1 /* CandidateStore.swift */ = {isa = PBXFileReference; lastKnownFileType = sourcecode.swift; path = CandidateStore.swift; sourceTree = "<group>"; };
		00000000C00000000000A0C2 /* ScanningView.swift */ = {isa = PBXFileReference; lastKnownFileType = sourcecode.swift; path = ScanningView.swift; sourceTree = "<group>"; };
		00000000C00000000000A0C3 /* AlbumOverviewView.swift */ = {isa = PBXFileReference; lastKnownFileType = sourcecode.swift; path = AlbumOverviewView.swift; sourceTree = "<group>"; };
		00000000C00000000000A0C4 /* PrefetchWindow.swift */ = {isa = PBXFileReference; lastKnownFileType = sourcecode.swift; path = PrefetchWindow.swift; sourceTree = "<group>"; };
		00000000C00000000000A0C5 /* ReviewGridCell.swift */ = {isa = PBXFileReference; lastKnownFileType = sourcecode.swift; path = ReviewGridCell.swift; sourceTree = "<group>"; };
		00000000C00000000000A0C6 /* ReviewGridView.swift */ = {isa = PBXFileReference; lastKnownFileType = sourcecode.swift; path = ReviewGridView.swift; sourceTree = "<group>"; };
		00000000C00000000000A0C7 /* DayGroupHeader.swift */ = {isa = PBXFileReference; lastKnownFileType = sourcecode.swift; path = DayGroupHeader.swift; sourceTree = "<group>"; };
		000000004000000000000042 /* PoimiAppTests.xctest */ = {isa = PBXFileReference; explicitFileType = wrapper.cfbundle; includeInIndex = 0; path = PoimiAppTests.xctest; sourceTree = BUILT_PRODUCTS_DIR; };
		000000004000000000000043 /* PhotoLibraryConformanceTests.swift */ = {isa = PBXFileReference; lastKnownFileType = sourcecode.swift; path = PhotoLibraryConformanceTests.swift; sourceTree = "<group>"; };
		000000004000000000000045 /* FakePhotoLibrarySeedTests.swift */ = {isa = PBXFileReference; lastKnownFileType = sourcecode.swift; path = FakePhotoLibrarySeedTests.swift; sourceTree = "<group>"; };
		00000000400000000000004D /* ProjectStoreTests.swift */ = {isa = PBXFileReference; lastKnownFileType = sourcecode.swift; path = ProjectStoreTests.swift; sourceTree = "<group>"; };
		00000000400000000000004F /* SelectionStoreTests.swift */ = {isa = PBXFileReference; lastKnownFileType = sourcecode.swift; path = SelectionStoreTests.swift; sourceTree = "<group>"; };
		000000004000000000000053 /* AppCoordinatorTests.swift */ = {isa = PBXFileReference; lastKnownFileType = sourcecode.swift; path = AppCoordinatorTests.swift; sourceTree = "<group>"; };
		000000004000000000000055 /* RecoveryGuidanceTests.swift */ = {isa = PBXFileReference; lastKnownFileType = sourcecode.swift; path = RecoveryGuidanceTests.swift; sourceTree = "<group>"; };
		000000004000000000000057 /* AlbumSummaryTests.swift */ = {isa = PBXFileReference; lastKnownFileType = sourcecode.swift; path = AlbumSummaryTests.swift; sourceTree = "<group>"; };
		000000004000000000000059 /* NewAlbumDraftTests.swift */ = {isa = PBXFileReference; lastKnownFileType = sourcecode.swift; path = NewAlbumDraftTests.swift; sourceTree = "<group>"; };
		00000000400000000000005B /* CandidateStoreTests.swift */ = {isa = PBXFileReference; lastKnownFileType = sourcecode.swift; path = CandidateStoreTests.swift; sourceTree = "<group>"; };
		00000000400000000000005D /* ThumbnailProviderTests.swift */ = {isa = PBXFileReference; lastKnownFileType = sourcecode.swift; path = ThumbnailProviderTests.swift; sourceTree = "<group>"; };
		00000000400000000000005F /* PrefetchWindowTests.swift */ = {isa = PBXFileReference; lastKnownFileType = sourcecode.swift; path = PrefetchWindowTests.swift; sourceTree = "<group>"; };
		000000004000000000000061 /* DayGroupHeaderTests.swift */ = {isa = PBXFileReference; lastKnownFileType = sourcecode.swift; path = DayGroupHeaderTests.swift; sourceTree = "<group>"; };
		000000004000000000000063 /* ThumbnailMemoryCacheTests.swift */ = {isa = PBXFileReference; lastKnownFileType = sourcecode.swift; path = ThumbnailMemoryCacheTests.swift; sourceTree = "<group>"; };
		000000004000000000000065 /* TestSupport.swift */ = {isa = PBXFileReference; lastKnownFileType = sourcecode.swift; path = TestSupport.swift; sourceTree = "<group>"; };
/* End PBXFileReference section */

/* Begin PBXFrameworksBuildPhase section */
		000000001000000000000020 /* Frameworks */ = {
			isa = PBXFrameworksBuildPhase;
			buildActionMask = 2147483647;
			files = (
				000000001000000000000013 /* Curation in Frameworks */,
			);
			runOnlyForDeploymentPostprocessing = 0;
		};
/* End PBXFrameworksBuildPhase section */

/* Begin PBXGroup section */
		000000001000000000000005 = {
			isa = PBXGroup;
			children = (
				000000001000000000000006 /* PoimiApp */,
				00000000400000000000C401 /* PoimiAppTests */,
				000000001000000000000007 /* Products */,
			);
			sourceTree = "<group>";
		};
		000000001000000000000006 /* PoimiApp */ = {
			isa = PBXGroup;
			children = (
				000000001000000000000008 /* Sources */,
				00000000300000000000C301 /* PhotoLibrary */,
				00000000500000000000C501 /* Support */,
				00000000600000000000C601 /* Persistence */,
				00000000700000000000C701 /* State */,
				00000000800000000000C801 /* Navigation */,
				00000000900000000000C901 /* Onboarding */,
				00000000A00000000000C0A1 /* Albums */,
				00000000B00000000000C0B1 /* Setup */,
				00000000C00000000000C0C1 /* Review */,
				000000001000000000000009 /* Resources */,
			);
			path = PoimiApp;
			sourceTree = "<group>";
		};
		000000001000000000000007 /* Products */ = {
			isa = PBXGroup;
			children = (
				000000001000000000000004 /* PoimiApp.app */,
				000000004000000000000042 /* PoimiAppTests.xctest */,
			);
			name = Products;
			sourceTree = "<group>";
		};
		000000001000000000000008 /* Sources */ = {
			isa = PBXGroup;
			children = (
				000000001000000000000001 /* PoimiApp.swift */,
			);
			path = Sources;
			sourceTree = "<group>";
		};
		000000001000000000000009 /* Resources */ = {
			isa = PBXGroup;
			children = (
				000000001000000000000003 /* Assets.xcassets */,
			);
			path = Resources;
			sourceTree = "<group>";
		};
		00000000300000000000C301 /* PhotoLibrary */ = {
			isa = PBXGroup;
			children = (
				00000000300000000000A301 /* FakePhotoLibrary.swift */,
				00000000300000000000A302 /* SystemPhotoLibrary.swift */,
				00000000300000000000A303 /* PhotoLibraryChangeObserver.swift */,
				00000000300000000000A304 /* PhotoLibraryProvider.swift */,
				00000000300000000000A305 /* ThumbnailProviding.swift */,
				00000000300000000000A306 /* SystemThumbnailProvider.swift */,
				00000000300000000000A307 /* FakeThumbnailProvider.swift */,
				00000000300000000000A308 /* ThumbnailMemoryCache.swift */,
			);
			path = PhotoLibrary;
			sourceTree = "<group>";
		};
		00000000500000000000C501 /* Support */ = {
			isa = PBXGroup;
			children = (
				00000000500000000000A501 /* Log.swift */,
				00000000500000000000A502 /* DebugScreen.swift */,
			);
			path = Support;
			sourceTree = "<group>";
		};
		00000000600000000000C601 /* Persistence */ = {
			isa = PBXGroup;
			children = (
				00000000600000000000A601 /* CurationProject.swift */,
				00000000600000000000A602 /* AppSchema.swift */,
			);
			path = Persistence;
			sourceTree = "<group>";
		};
		00000000700000000000C701 /* State */ = {
			isa = PBXGroup;
			children = (
				00000000700000000000A701 /* ProjectStore.swift */,
				00000000700000000000A702 /* SelectionStore.swift */,
			);
			path = State;
			sourceTree = "<group>";
		};
		00000000800000000000C801 /* Navigation */ = {
			isa = PBXGroup;
			children = (
				00000000800000000000A801 /* Route.swift */,
				00000000800000000000A802 /* AppCoordinator.swift */,
				00000000800000000000A803 /* AppRootView.swift */,
			);
			path = Navigation;
			sourceTree = "<group>";
		};
		00000000900000000000C901 /* Onboarding */ = {
			isa = PBXGroup;
			children = (
				00000000900000000000A901 /* OnboardingView.swift */,
				00000000900000000000A902 /* AccessRecoveryView.swift */,
			);
			path = Onboarding;
			sourceTree = "<group>";
		};
		00000000A00000000000C0A1 /* Albums */ = {
			isa = PBXGroup;
			children = (
				00000000A00000000000A0A1 /* AlbumsView.swift */,
			);
			path = Albums;
			sourceTree = "<group>";
		};
		00000000B00000000000C0B1 /* Setup */ = {
			isa = PBXGroup;
			children = (
				00000000B00000000000A0B1 /* NewAlbumDraft.swift */,
				00000000B00000000000A0B2 /* NewAlbumSetupView.swift */,
				00000000B00000000000A0B3 /* AlbumPickerView.swift */,
			);
			path = Setup;
			sourceTree = "<group>";
		};
		00000000C00000000000C0C1 /* Review */ = {
			isa = PBXGroup;
			children = (
				00000000C00000000000A0C1 /* CandidateStore.swift */,
				00000000C00000000000A0C2 /* ScanningView.swift */,
				00000000C00000000000A0C3 /* AlbumOverviewView.swift */,
				00000000C00000000000A0C4 /* PrefetchWindow.swift */,
				00000000C00000000000A0C5 /* ReviewGridCell.swift */,
				00000000C00000000000A0C6 /* ReviewGridView.swift */,
				00000000C00000000000A0C7 /* DayGroupHeader.swift */,
			);
			path = Review;
			sourceTree = "<group>";
		};
		00000000400000000000C401 /* PoimiAppTests */ = {
			isa = PBXGroup;
			children = (
				000000004000000000000043 /* PhotoLibraryConformanceTests.swift */,
				000000004000000000000045 /* FakePhotoLibrarySeedTests.swift */,
				00000000400000000000004D /* ProjectStoreTests.swift */,
				00000000400000000000004F /* SelectionStoreTests.swift */,
				000000004000000000000053 /* AppCoordinatorTests.swift */,
				000000004000000000000055 /* RecoveryGuidanceTests.swift */,
				000000004000000000000057 /* AlbumSummaryTests.swift */,
				000000004000000000000059 /* NewAlbumDraftTests.swift */,
				00000000400000000000005B /* CandidateStoreTests.swift */,
				00000000400000000000005D /* ThumbnailProviderTests.swift */,
				00000000400000000000005F /* PrefetchWindowTests.swift */,
				000000004000000000000061 /* DayGroupHeaderTests.swift */,
				000000004000000000000063 /* ThumbnailMemoryCacheTests.swift */,
				000000004000000000000065 /* TestSupport.swift */,
			);
			path = PoimiAppTests;
			sourceTree = "<group>";
		};
/* End PBXGroup section */

/* Begin PBXNativeTarget section */
		000000001000000000000021 /* PoimiApp */ = {
			isa = PBXNativeTarget;
			buildConfigurationList = 000000001000000000000026 /* Build configuration list for PBXNativeTarget "PoimiApp" */;
			buildPhases = (
				000000001000000000000022 /* Sources */,
				000000001000000000000020 /* Frameworks */,
				000000001000000000000023 /* Resources */,
			);
			buildRules = (
			);
			dependencies = (
			);
			name = PoimiApp;
			packageProductDependencies = (
				000000001000000000000030 /* Curation */,
			);
			productName = PoimiApp;
			productReference = 000000001000000000000004 /* PoimiApp.app */;
			productType = "com.apple.product-type.application";
		};
		000000004000000000000041 /* PoimiAppTests */ = {
			isa = PBXNativeTarget;
			buildConfigurationList = 000000004000000000000048 /* Build configuration list for PBXNativeTarget "PoimiAppTests" */;
			buildPhases = (
				000000004000000000000047 /* Sources */,
			);
			buildRules = (
			);
			dependencies = (
				00000000400000000000004B /* PBXTargetDependency */,
			);
			name = PoimiAppTests;
			productName = PoimiAppTests;
			productReference = 000000004000000000000042 /* PoimiAppTests.xctest */;
			productType = "com.apple.product-type.bundle.unit-test";
		};
/* End PBXNativeTarget section */

/* Begin PBXProject section */
		000000001000000000000024 /* Project object */ = {
			isa = PBXProject;
			attributes = {
				BuildIndependentTargetsInParallel = 1;
				LastSwiftUpdateCheck = 2630;
				LastUpgradeCheck = 2630;
				TargetAttributes = {
					000000001000000000000021 = {
						CreatedOnToolsVersion = 26.3;
					};
					000000004000000000000041 = {
						CreatedOnToolsVersion = 26.3;
						TestTargetID = 000000001000000000000021;
					};
				};
			};
			buildConfigurationList = 000000001000000000000025 /* Build configuration list for PBXProject "PoimiApp" */;
			compatibilityVersion = "Xcode 14.0";
			developmentRegion = en;
			hasScannedForEncodings = 0;
			knownRegions = (
				en,
				Base,
			);
			mainGroup = 000000001000000000000005;
			packageReferences = (
				000000001000000000000031 /* XCLocalSwiftPackageReference "../Curation" */,
			);
			productRefGroup = 000000001000000000000007 /* Products */;
			projectDirPath = "";
			projectRoot = "";
			targets = (
				000000001000000000000021 /* PoimiApp */,
				000000004000000000000041 /* PoimiAppTests */,
			);
		};
/* End PBXProject section */

/* Begin PBXResourcesBuildPhase section */
		000000001000000000000023 /* Resources */ = {
			isa = PBXResourcesBuildPhase;
			buildActionMask = 2147483647;
			files = (
				000000001000000000000012 /* Assets.xcassets in Resources */,
			);
			runOnlyForDeploymentPostprocessing = 0;
		};
/* End PBXResourcesBuildPhase section */

/* Begin PBXSourcesBuildPhase section */
		000000001000000000000022 /* Sources */ = {
			isa = PBXSourcesBuildPhase;
			buildActionMask = 2147483647;
			files = (
				000000001000000000000010 /* PoimiApp.swift in Sources */,
				00000000300000000000B301 /* FakePhotoLibrary.swift in Sources */,
				00000000300000000000B302 /* SystemPhotoLibrary.swift in Sources */,
				00000000300000000000B303 /* PhotoLibraryChangeObserver.swift in Sources */,
				00000000300000000000B304 /* PhotoLibraryProvider.swift in Sources */,
				00000000300000000000B305 /* ThumbnailProviding.swift in Sources */,
				00000000300000000000B306 /* SystemThumbnailProvider.swift in Sources */,
				00000000300000000000B307 /* FakeThumbnailProvider.swift in Sources */,
				00000000300000000000B308 /* ThumbnailMemoryCache.swift in Sources */,
				00000000500000000000B501 /* Log.swift in Sources */,
				00000000500000000000B502 /* DebugScreen.swift in Sources */,
				00000000600000000000B601 /* CurationProject.swift in Sources */,
				00000000600000000000B602 /* AppSchema.swift in Sources */,
				00000000700000000000B701 /* ProjectStore.swift in Sources */,
				00000000700000000000B702 /* SelectionStore.swift in Sources */,
				00000000800000000000B801 /* Route.swift in Sources */,
				00000000800000000000B802 /* AppCoordinator.swift in Sources */,
				00000000800000000000B803 /* AppRootView.swift in Sources */,
				00000000900000000000B901 /* OnboardingView.swift in Sources */,
				00000000900000000000B902 /* AccessRecoveryView.swift in Sources */,
				00000000A00000000000B0A1 /* AlbumsView.swift in Sources */,
				00000000B00000000000B0B1 /* NewAlbumDraft.swift in Sources */,
				00000000B00000000000B0B2 /* NewAlbumSetupView.swift in Sources */,
				00000000B00000000000B0B3 /* AlbumPickerView.swift in Sources */,
				00000000C00000000000B0C1 /* CandidateStore.swift in Sources */,
				00000000C00000000000B0C2 /* ScanningView.swift in Sources */,
				00000000C00000000000B0C3 /* AlbumOverviewView.swift in Sources */,
				00000000C00000000000B0C4 /* PrefetchWindow.swift in Sources */,
				00000000C00000000000B0C5 /* ReviewGridCell.swift in Sources */,
				00000000C00000000000B0C6 /* ReviewGridView.swift in Sources */,
				00000000C00000000000B0C7 /* DayGroupHeader.swift in Sources */,
			);
			runOnlyForDeploymentPostprocessing = 0;
		};
		000000004000000000000047 /* Sources */ = {
			isa = PBXSourcesBuildPhase;
			buildActionMask = 2147483647;
			files = (
				000000004000000000000044 /* PhotoLibraryConformanceTests.swift in Sources */,
				000000004000000000000046 /* FakePhotoLibrarySeedTests.swift in Sources */,
				00000000400000000000004E /* ProjectStoreTests.swift in Sources */,
				000000004000000000000050 /* SelectionStoreTests.swift in Sources */,
				000000004000000000000054 /* AppCoordinatorTests.swift in Sources */,
				000000004000000000000056 /* RecoveryGuidanceTests.swift in Sources */,
				000000004000000000000058 /* AlbumSummaryTests.swift in Sources */,
				00000000400000000000005A /* NewAlbumDraftTests.swift in Sources */,
				00000000400000000000005C /* CandidateStoreTests.swift in Sources */,
				00000000400000000000005E /* ThumbnailProviderTests.swift in Sources */,
				000000004000000000000060 /* PrefetchWindowTests.swift in Sources */,
				000000004000000000000062 /* DayGroupHeaderTests.swift in Sources */,
				000000004000000000000064 /* ThumbnailMemoryCacheTests.swift in Sources */,
				000000004000000000000066 /* TestSupport.swift in Sources */,
			);
			runOnlyForDeploymentPostprocessing = 0;
		};
/* End PBXSourcesBuildPhase section */

/* Begin XCBuildConfiguration section */
		000000001000000000000027 /* Debug */ = {
			isa = XCBuildConfiguration;
			buildSettings = {
				ALWAYS_SEARCH_USER_PATHS = NO;
				ASSETCATALOG_COMPILER_GENERATE_SWIFT_ASSET_SYMBOL_EXTENSIONS = YES;
				CLANG_ANALYZER_NONNULL = YES;
				CLANG_ANALYZER_NUMBER_OBJECT_CONVERSION = YES_AGGRESSIVE;
				CLANG_ENABLE_MODULES = YES;
				CLANG_ENABLE_OBJC_ARC = YES;
				CLANG_ENABLE_OBJC_WEAK = YES;
				CLANG_WARN_BOOL_CONVERSION = YES;
				CLANG_WARN_COMMA = YES;
				CLANG_WARN_CONSTANT_CONVERSION = YES;
				CLANG_WARN_DEPRECATED_OBJC_IMPLEMENTATIONS = YES;
				CLANG_WARN_DIRECT_OBJC_ISA_USAGE = YES_ERROR;
				CLANG_WARN_DOCUMENTATION_COMMENTS = YES;
				CLANG_WARN_EMPTY_BODY = YES;
				CLANG_WARN_ENUM_CONVERSION = YES;
				CLANG_WARN_INFINITE_RECURSION = YES;
				CLANG_WARN_INT_CONVERSION = YES;
				CLANG_WARN_NON_LITERAL_NULL_CONVERSION = YES;
				CLANG_WARN_OBJC_IMPLICIT_RETAIN_SELF = YES;
				CLANG_WARN_OBJC_LITERAL_CONVERSION = YES;
				CLANG_WARN_OBJC_ROOT_CLASS = YES_ERROR;
				CLANG_WARN_QUOTED_INCLUDE_IN_FRAMEWORK_HEADER = YES;
				CLANG_WARN_RANGE_LOOP_ANALYSIS = YES;
				CLANG_WARN_STRICT_PROTOTYPES = YES;
				CLANG_WARN_SUSPICIOUS_MOVE = YES;
				CLANG_WARN_UNGUARDED_AVAILABILITY = YES_AGGRESSIVE;
				CLANG_WARN_UNREACHABLE_CODE = YES;
				CLANG_WARN__DUPLICATE_METHOD_MATCH = YES;
				COPY_PHASE_STRIP = NO;
				DEBUG_INFORMATION_FORMAT = dwarf;
				ENABLE_STRICT_OBJC_MSGSEND = YES;
				ENABLE_TESTABILITY = YES;
				ENABLE_USER_SCRIPT_SANDBOXING = YES;
				GCC_C_LANGUAGE_STANDARD = gnu17;
				GCC_DYNAMIC_NO_PIC = NO;
				GCC_NO_COMMON_BLOCKS = YES;
				GCC_OPTIMIZATION_LEVEL = 0;
				GCC_PREPROCESSOR_DEFINITIONS = (
					"DEBUG=1",
					"$(inherited)",
				);
				GCC_WARN_64_TO_32_BIT_CONVERSION = YES;
				GCC_WARN_ABOUT_RETURN_TYPE = YES_ERROR;
				GCC_WARN_UNDECLARED_SELECTOR = YES;
				GCC_WARN_UNINITIALIZED_AUTOS = YES_AGGRESSIVE;
				GCC_WARN_UNUSED_FUNCTION = YES;
				GCC_WARN_UNUSED_VARIABLE = YES;
				IPHONEOS_DEPLOYMENT_TARGET = 26.0;
				MTL_ENABLE_DEBUG_INFO = INCLUDE_SOURCE;
				MTL_FAST_MATH = YES;
				ONLY_ACTIVE_ARCH = YES;
				SDKROOT = iphoneos;
				SWIFT_ACTIVE_COMPILATION_CONDITIONS = "DEBUG $(inherited)";
				SWIFT_OPTIMIZATION_LEVEL = "-Onone";
				SWIFT_STRICT_CONCURRENCY = complete;
				SWIFT_VERSION = 6.0;
			};
			name = Debug;
		};
		000000001000000000000028 /* Release */ = {
			isa = XCBuildConfiguration;
			buildSettings = {
				ALWAYS_SEARCH_USER_PATHS = NO;
				ASSETCATALOG_COMPILER_GENERATE_SWIFT_ASSET_SYMBOL_EXTENSIONS = YES;
				CLANG_ANALYZER_NONNULL = YES;
				CLANG_ANALYZER_NUMBER_OBJECT_CONVERSION = YES_AGGRESSIVE;
				CLANG_ENABLE_MODULES = YES;
				CLANG_ENABLE_OBJC_ARC = YES;
				CLANG_ENABLE_OBJC_WEAK = YES;
				CLANG_WARN_BOOL_CONVERSION = YES;
				CLANG_WARN_COMMA = YES;
				CLANG_WARN_CONSTANT_CONVERSION = YES;
				CLANG_WARN_DEPRECATED_OBJC_IMPLEMENTATIONS = YES;
				CLANG_WARN_DIRECT_OBJC_ISA_USAGE = YES_ERROR;
				CLANG_WARN_DOCUMENTATION_COMMENTS = YES;
				CLANG_WARN_EMPTY_BODY = YES;
				CLANG_WARN_ENUM_CONVERSION = YES;
				CLANG_WARN_INFINITE_RECURSION = YES;
				CLANG_WARN_INT_CONVERSION = YES;
				CLANG_WARN_NON_LITERAL_NULL_CONVERSION = YES;
				CLANG_WARN_OBJC_IMPLICIT_RETAIN_SELF = YES;
				CLANG_WARN_OBJC_LITERAL_CONVERSION = YES;
				CLANG_WARN_OBJC_ROOT_CLASS = YES_ERROR;
				CLANG_WARN_QUOTED_INCLUDE_IN_FRAMEWORK_HEADER = YES;
				CLANG_WARN_RANGE_LOOP_ANALYSIS = YES;
				CLANG_WARN_STRICT_PROTOTYPES = YES;
				CLANG_WARN_SUSPICIOUS_MOVE = YES;
				CLANG_WARN_UNGUARDED_AVAILABILITY = YES_AGGRESSIVE;
				CLANG_WARN_UNREACHABLE_CODE = YES;
				CLANG_WARN__DUPLICATE_METHOD_MATCH = YES;
				COPY_PHASE_STRIP = NO;
				DEBUG_INFORMATION_FORMAT = "dwarf-with-dsym";
				ENABLE_NS_ASSERTIONS = NO;
				ENABLE_STRICT_OBJC_MSGSEND = YES;
				ENABLE_USER_SCRIPT_SANDBOXING = YES;
				GCC_C_LANGUAGE_STANDARD = gnu17;
				GCC_NO_COMMON_BLOCKS = YES;
				GCC_WARN_64_TO_32_BIT_CONVERSION = YES;
				GCC_WARN_ABOUT_RETURN_TYPE = YES_ERROR;
				GCC_WARN_UNDECLARED_SELECTOR = YES;
				GCC_WARN_UNINITIALIZED_AUTOS = YES_AGGRESSIVE;
				GCC_WARN_UNUSED_FUNCTION = YES;
				GCC_WARN_UNUSED_VARIABLE = YES;
				IPHONEOS_DEPLOYMENT_TARGET = 26.0;
				MTL_ENABLE_DEBUG_INFO = NO;
				MTL_FAST_MATH = YES;
				SDKROOT = iphoneos;
				SWIFT_COMPILATION_MODE = wholemodule;
				SWIFT_STRICT_CONCURRENCY = complete;
				SWIFT_VERSION = 6.0;
				VALIDATE_PRODUCT = YES;
			};
			name = Release;
		};
		000000001000000000000029 /* Debug */ = {
			isa = XCBuildConfiguration;
			buildSettings = {
				ASSETCATALOG_COMPILER_APPICON_NAME = AppIcon;
				ASSETCATALOG_COMPILER_GLOBAL_ACCENT_COLOR_NAME = AccentColor;
				CODE_SIGN_STYLE = Automatic;
				CURRENT_PROJECT_VERSION = 1;
				DEVELOPMENT_ASSET_PATHS = "";
				DEVELOPMENT_TEAM = N4FKQHR5AC;
				ENABLE_PREVIEWS = YES;
				GENERATE_INFOPLIST_FILE = YES;
				INFOPLIST_KEY_NSPhotoLibraryAddUsageDescription = "Poimi saves the photos you pick into an album in your library.";
				INFOPLIST_KEY_NSPhotoLibraryUsageDescription = "Poimi needs full access to your photo library so you can browse a date range, hand-pick the best photos, and save them to an album. Your photos never leave your device.";
				INFOPLIST_KEY_UIApplicationSceneManifest_Generation = YES;
				INFOPLIST_KEY_UIApplicationSupportsIndirectInputEvents = YES;
				INFOPLIST_KEY_UILaunchScreen_Generation = YES;
				INFOPLIST_KEY_UISupportedInterfaceOrientations_iPad = "UIInterfaceOrientationPortrait UIInterfaceOrientationPortraitUpsideDown UIInterfaceOrientationLandscapeLeft UIInterfaceOrientationLandscapeRight";
				INFOPLIST_KEY_UISupportedInterfaceOrientations_iPhone = "UIInterfaceOrientationPortrait UIInterfaceOrientationLandscapeLeft UIInterfaceOrientationLandscapeRight";
				LD_RUNPATH_SEARCH_PATHS = (
					"$(inherited)",
					"@executable_path/Frameworks",
				);
				MARKETING_VERSION = 0.1.0;
				PRODUCT_BUNDLE_IDENTIFIER = "com.valtteriluoma.poimi";
				PRODUCT_NAME = "$(TARGET_NAME)";
				SWIFT_EMIT_LOC_STRINGS = YES;
				TARGETED_DEVICE_FAMILY = "1,2";
			};
			name = Debug;
		};
		00000000100000000000002A /* Release */ = {
			isa = XCBuildConfiguration;
			buildSettings = {
				ASSETCATALOG_COMPILER_APPICON_NAME = AppIcon;
				ASSETCATALOG_COMPILER_GLOBAL_ACCENT_COLOR_NAME = AccentColor;
				CODE_SIGN_STYLE = Automatic;
				CURRENT_PROJECT_VERSION = 1;
				DEVELOPMENT_ASSET_PATHS = "";
				DEVELOPMENT_TEAM = N4FKQHR5AC;
				ENABLE_PREVIEWS = YES;
				GENERATE_INFOPLIST_FILE = YES;
				INFOPLIST_KEY_NSPhotoLibraryAddUsageDescription = "Poimi saves the photos you pick into an album in your library.";
				INFOPLIST_KEY_NSPhotoLibraryUsageDescription = "Poimi needs full access to your photo library so you can browse a date range, hand-pick the best photos, and save them to an album. Your photos never leave your device.";
				INFOPLIST_KEY_UIApplicationSceneManifest_Generation = YES;
				INFOPLIST_KEY_UIApplicationSupportsIndirectInputEvents = YES;
				INFOPLIST_KEY_UILaunchScreen_Generation = YES;
				INFOPLIST_KEY_UISupportedInterfaceOrientations_iPad = "UIInterfaceOrientationPortrait UIInterfaceOrientationPortraitUpsideDown UIInterfaceOrientationLandscapeLeft UIInterfaceOrientationLandscapeRight";
				INFOPLIST_KEY_UISupportedInterfaceOrientations_iPhone = "UIInterfaceOrientationPortrait UIInterfaceOrientationLandscapeLeft UIInterfaceOrientationLandscapeRight";
				LD_RUNPATH_SEARCH_PATHS = (
					"$(inherited)",
					"@executable_path/Frameworks",
				);
				MARKETING_VERSION = 0.1.0;
				PRODUCT_BUNDLE_IDENTIFIER = "com.valtteriluoma.poimi";
				PRODUCT_NAME = "$(TARGET_NAME)";
				SWIFT_EMIT_LOC_STRINGS = YES;
				TARGETED_DEVICE_FAMILY = "1,2";
			};
			name = Release;
		};
		000000004000000000000049 /* Debug */ = {
			isa = XCBuildConfiguration;
			buildSettings = {
				BUNDLE_LOADER = "$(TEST_HOST)";
				CODE_SIGN_STYLE = Automatic;
				CURRENT_PROJECT_VERSION = 1;
				DEVELOPMENT_TEAM = N4FKQHR5AC;
				GENERATE_INFOPLIST_FILE = YES;
				IPHONEOS_DEPLOYMENT_TARGET = 26.0;
				MARKETING_VERSION = 0.1.0;
				PRODUCT_BUNDLE_IDENTIFIER = "com.valtteriluoma.poimiTests";
				PRODUCT_NAME = "$(TARGET_NAME)";
				SDKROOT = iphoneos;
				SWIFT_EMIT_LOC_STRINGS = NO;
				SWIFT_STRICT_CONCURRENCY = complete;
				SWIFT_VERSION = 6.0;
				TARGETED_DEVICE_FAMILY = "1,2";
				TEST_HOST = "$(BUILT_PRODUCTS_DIR)/PoimiApp.app/$(BUNDLE_EXECUTABLE_FOLDER_PATH)/PoimiApp";
			};
			name = Debug;
		};
		00000000400000000000004A /* Release */ = {
			isa = XCBuildConfiguration;
			buildSettings = {
				BUNDLE_LOADER = "$(TEST_HOST)";
				CODE_SIGN_STYLE = Automatic;
				CURRENT_PROJECT_VERSION = 1;
				DEVELOPMENT_TEAM = N4FKQHR5AC;
				GENERATE_INFOPLIST_FILE = YES;
				IPHONEOS_DEPLOYMENT_TARGET = 26.0;
				MARKETING_VERSION = 0.1.0;
				PRODUCT_BUNDLE_IDENTIFIER = "com.valtteriluoma.poimiTests";
				PRODUCT_NAME = "$(TARGET_NAME)";
				SDKROOT = iphoneos;
				SWIFT_EMIT_LOC_STRINGS = NO;
				SWIFT_STRICT_CONCURRENCY = complete;
				SWIFT_VERSION = 6.0;
				TARGETED_DEVICE_FAMILY = "1,2";
				TEST_HOST = "$(BUILT_PRODUCTS_DIR)/PoimiApp.app/$(BUNDLE_EXECUTABLE_FOLDER_PATH)/PoimiApp";
			};
			name = Release;
		};
/* End XCBuildConfiguration section */

/* Begin XCConfigurationList section */
		000000001000000000000025 /* Build configuration list for PBXProject "PoimiApp" */ = {
			isa = XCConfigurationList;
			buildConfigurations = (
				000000001000000000000027 /* Debug */,
				000000001000000000000028 /* Release */,
			);
			defaultConfigurationIsVisible = 0;
			defaultConfigurationName = Release;
		};
		000000001000000000000026 /* Build configuration list for PBXNativeTarget "PoimiApp" */ = {
			isa = XCConfigurationList;
			buildConfigurations = (
				000000001000000000000029 /* Debug */,
				00000000100000000000002A /* Release */,
			);
			defaultConfigurationIsVisible = 0;
			defaultConfigurationName = Release;
		};
		000000004000000000000048 /* Build configuration list for PBXNativeTarget "PoimiAppTests" */ = {
			isa = XCConfigurationList;
			buildConfigurations = (
				000000004000000000000049 /* Debug */,
				00000000400000000000004A /* Release */,
			);
			defaultConfigurationIsVisible = 0;
			defaultConfigurationName = Release;
		};
/* End XCConfigurationList section */

/* Begin XCLocalSwiftPackageReference section */
		000000001000000000000031 /* XCLocalSwiftPackageReference "../Curation" */ = {
			isa = XCLocalSwiftPackageReference;
			relativePath = ../Curation;
		};
/* End XCLocalSwiftPackageReference section */

/* Begin XCSwiftPackageProductDependency section */
		000000001000000000000030 /* Curation */ = {
			isa = XCSwiftPackageProductDependency;
			productName = Curation;
		};
/* End XCSwiftPackageProductDependency section */
	};
	rootObject = 000000001000000000000024 /* Project object */;
}
